# THIS IS AN AUTOGENERATED FILE. DO NOT EDIT THIS FILE DIRECTLY.
# yarn lockfile v1


cross-fetch@2.2.2:
  version "2.2.2"
  resolved "https://registry.yarnpkg.com/cross-fetch/-/cross-fetch-2.2.2.tgz#a47ff4f7fc712daba8f6a695a11c948440d45723"
  integrity sha1-pH/09/xxLauo9qaVoRyUhEDUVyM=
  dependencies:
    node-fetch "2.1.2"
    whatwg-fetch "2.0.4"

graphql-request@^1.8.2:
  version "1.8.2"
  resolved "https://registry.yarnpkg.com/graphql-request/-/graphql-request-1.8.2.tgz#398d10ae15c585676741bde3fc01d5ca948f8fbe"
  integrity sha512-dDX2M+VMsxXFCmUX0Vo0TopIZIX4ggzOtiCsThgtrKR4niiaagsGTDIHj3fsOMFETpa064vzovI+4YV4QnMbcg==
  dependencies:
    cross-fetch "2.2.2"

immutable@^4.0.0-rc.12:
  version "4.0.0-rc.12"
  resolved "https://registry.yarnpkg.com/immutable/-/immutable-4.0.0-rc.12.tgz#ca59a7e4c19ae8d9bf74a97bdf0f6e2f2a5d0217"
  integrity sha512-0M2XxkZLx/mi3t8NVwIm1g8nHoEmM9p9UBl/G9k4+hm0kBgOVdMV/B3CY5dQ8qG8qc80NN4gDV4HQv6FTJ5q7A==

node-fetch@2.1.2:
  version "2.1.2"
  resolved "https://registry.yarnpkg.com/node-fetch/-/node-fetch-2.1.2.tgz#ab884e8e7e57e38a944753cec706f788d1768bb5"
  integrity sha1-q4hOjn5X44qUR1POxwb3iNF2i7U=

pure-fn@^0.0.2:
  version "0.0.2"
  resolved "https://registry.yarnpkg.com/pure-fn/-/pure-fn-0.0.2.tgz#9fd1cfb9c5835698e7342260d4c36962a46c44d1"
  integrity sha512-MOKqPQKZ3NVymrEey2iv7PwSmh5OFICFnk582RaHuYwnmSSiQzGMF0lsr4io7Sv4m5YUtp0YcaauQwl2057zkw==

react-den@^0.0.8:
  version "0.0.8"
  resolved "https://registry.yarnpkg.com/react-den/-/react-den-0.0.8.tgz#d53f08a47955458064d33b427b9d896bb6ed2c58"
  integrity sha512-gs/jnZLF2QpCLltR8rwGPEN+xi0vsLIOz0kgRQKJJq4cGgdDx3zoz2jnMMFuTzbyW8n0JK+YselqaYFLevQ8HQ==
  dependencies:
    graphql-request "^1.8.2"
    immutable "^4.0.0-rc.12"
    pure-fn "^0.0.2"

whatwg-fetch@2.0.4:
  version "2.0.4"
  resolved "https://registry.yarnpkg.com/whatwg-fetch/-/whatwg-fetch-2.0.4.tgz#dde6a5df315f9d39991aa17621853d720b85566f"
  integrity sha512-dcQ1GWpOD/eEQ97k66aiEVpNnapVj90/+R+SXTPYGHpYBBypfKJEQjLrvMZ7YXbKm21gXd4NcuxUTjiv1YtLng==
